// !$*UTF8*$!
{
	archiveVersion = 1;
	classes = {
	};
	objectVersion = 50;
	objects = {

/* Begin PBXBuildFile section */
		5E0EDC8422D66DCC0053543B /* 67120805_395169181357560_6738643850216079360_n.png in Resources */ = {isa = PBXBuildFile; fileRef = 5E0EDC7E22D66DCB0053543B /* 67120805_395169181357560_6738643850216079360_n.png */; };
		5E0EDC8522D66DCC0053543B /* Easy.png in Resources */ = {isa = PBXBuildFile; fileRef = 5E0EDC7F22D66DCB0053543B /* Easy.png */; };
		5E0EDC8622D66DCC0053543B /* 2player.png in Resources */ = {isa = PBXBuildFile; fileRef = 5E0EDC8022D66DCB0053543B /* 2player.png */; };
		5E0EDC8722D66DCC0053543B /* Medium.png in Resources */ = {isa = PBXBuildFile; fileRef = 5E0EDC8122D66DCB0053543B /* Medium.png */; };
		5E0EDC8822D66DCC0053543B /* logo.png in Resources */ = {isa = PBXBuildFile; fileRef = 5E0EDC8222D66DCC0053543B /* logo.png */; };
		5E0EDC8922D66DCC0053543B /* Difficult.png in Resources */ = {isa = PBXBuildFile; fileRef = 5E0EDC8322D66DCC0053543B /* Difficult.png */; };
		5E0EDC8B22D672080053543B /* epic.png in Resources */ = {isa = PBXBuildFile; fileRef = 5E0EDC8A22D672080053543B /* epic.png */; };
		5E56D41322D5241D00C8DE4B /* Rubber Biscuit Bold .TTF in Resources */ = {isa = PBXBuildFile; fileRef = 5E56D41222D5241C00C8DE4B /* Rubber Biscuit Bold .TTF */; };
		5E56D41522D52C8500C8DE4B /* MenuViewController.swift in Sources */ = {isa = PBXBuildFile; fileRef = 5E56D41422D52C8500C8DE4B /* MenuViewController.swift */; };
		5EAC255622D229EF008A338E /* AppDelegate.swift in Sources */ = {isa = PBXBuildFile; fileRef = 5EAC255522D229EF008A338E /* AppDelegate.swift */; };
		5EAC255822D229EF008A338E /* GameScene.sks in Resources */ = {isa = PBXBuildFile; fileRef = 5EAC255722D229EF008A338E /* GameScene.sks */; };
		5EAC255A22D229EF008A338E /* Actions.sks in Resources */ = {isa = PBXBuildFile; fileRef = 5EAC255922D229EF008A338E /* Actions.sks */; };
		5EAC255C22D229EF008A338E /* GameScene.swift in Sources */ = {isa = PBXBuildFile; fileRef = 5EAC255B22D229EF008A338E /* GameScene.swift */; };
		5EAC255E22D229EF008A338E /* GameViewController.swift in Sources */ = {isa = PBXBuildFile; fileRef = 5EAC255D22D229EF008A338E /* GameViewController.swift */; };
		5EAC256122D229EF008A338E /* Main.storyboard in Resources */ = {isa = PBXBuildFile; fileRef = 5EAC255F22D229EF008A338E /* Main.storyboard */; };
		5EAC256322D229F3008A338E /* Assets.xcassets in Resources */ = {isa = PBXBuildFile; fileRef = 5EAC256222D229F3008A338E /* Assets.xcassets */; };
		5EAC256622D229F3008A338E /* LaunchScreen.storyboard in Resources */ = {isa = PBXBuildFile; fileRef = 5EAC256422D229F3008A338E /* LaunchScreen.storyboard */; };
		5EAC257122D229F3008A338E /* IPongTests.swift in Sources */ = {isa = PBXBuildFile; fileRef = 5EAC257022D229F3008A338E /* IPongTests.swift */; };
		5EAC257C22D229F3008A338E /* IPongUITests.swift in Sources */ = {isa = PBXBuildFile; fileRef = 5EAC257B22D229F3008A338E /* IPongUITests.swift */; };
/* End PBXBuildFile section */

/* Begin PBXContainerItemProxy section */
		5EAC256D22D229F3008A338E /* PBXContainerItemProxy */ = {
			isa = PBXContainerItemProxy;
			containerPortal = 5EAC254A22D229EF008A338E /* Project object */;
			proxyType = 1;
			remoteGlobalIDString = 5EAC255122D229EF008A338E;
			remoteInfo = IPong;
		};
		5EAC257822D229F3008A338E /* PBXContainerItemProxy */ = {
			isa = PBXContainerItemProxy;
			containerPortal = 5EAC254A22D229EF008A338E /* Project object */;
			proxyType = 1;
			remoteGlobalIDString = 5EAC255122D229EF008A338E;
			remoteInfo = IPong;
		};
/* End PBXContainerItemProxy section */

/* Begin PBXFileReference section */
		5E0EDC7E22D66DCB0053543B /* 67120805_395169181357560_6738643850216079360_n.png */ = {isa = PBXFileReference; lastKnownFileType = image.png; path = 67120805_395169181357560_6738643850216079360_n.png; sourceTree = "<group>"; };
		5E0EDC7F22D66DCB0053543B /* Easy.png */ = {isa = PBXFileReference; lastKnownFileType = image.png; path = Easy.png; sourceTree = "<group>"; };
		5E0EDC8022D66DCB0053543B /* 2player.png */ = {isa = PBXFileReference; lastKnownFileType = image.png; path = 2player.png; sourceTree = "<group>"; };
		5E0EDC8122D66DCB0053543B /* Medium.png */ = {isa = PBXFileReference; lastKnownFileType = image.png; path = Medium.png; sourceTree = "<group>"; };
		5E0EDC8222D66DCC0053543B /* logo.png */ = {isa = PBXFileReference; lastKnownFileType = image.png; path = logo.png; sourceTree = "<group>"; };
		5E0EDC8322D66DCC0053543B /* Difficult.png */ = {isa = PBXFileReference; lastKnownFileType = image.png; path = Difficult.png; sourceTree = "<group>"; };
		5E0EDC8A22D672080053543B /* epic.png */ = {isa = PBXFileReference; lastKnownFileType = image.png; path = epic.png; sourceTree = "<group>"; };
		5E56D41222D5241C00C8DE4B /* Rubber Biscuit Bold .TTF */ = {isa = PBXFileReference; lastKnownFileType = file; path = "Rubber Biscuit Bold .TTF"; sourceTree = "<group>"; };
		5E56D41422D52C8500C8DE4B /* MenuViewController.swift */ = {isa = PBXFileReference; lastKnownFileType = sourcecode.swift; path = MenuViewController.swift; sourceTree = "<group>"; };
		5EAC255222D229EF008A338E /* IPong.app */ = {isa = PBXFileReference; explicitFileType = wrapper.application; includeInIndex = 0; path = IPong.app; sourceTree = BUILT_PRODUCTS_DIR; };
		5EAC255522D229EF008A338E /* AppDelegate.swift */ = {isa = PBXFileReference; lastKnownFileType = sourcecode.swift; path = AppDelegate.swift; sourceTree = "<group>"; };
		5EAC255722D229EF008A338E /* GameScene.sks */ = {isa = PBXFileReference; lastKnownFileType = file.sks; path = GameScene.sks; sourceTree = "<group>"; };
		5EAC255922D229EF008A338E /* Actions.sks */ = {isa = PBXFileReference; lastKnownFileType = file.sks; path = Actions.sks; sourceTree = "<group>"; };
		5EAC255B22D229EF008A338E /* GameScene.swift */ = {isa = PBXFileReference; lastKnownFileType = sourcecode.swift; path = GameScene.swift; sourceTree = "<group>"; };
		5EAC255D22D229EF008A338E /* GameViewController.swift */ = {isa = PBXFileReference; lastKnownFileType = sourcecode.swift; path = GameViewController.swift; sourceTree = "<group>"; };
		5EAC256022D229EF008A338E /* Base */ = {isa = PBXFileReference; lastKnownFileType = file.storyboard; name = Base; path = Base.lproj/Main.storyboard; sourceTree = "<group>"; };
		5EAC256222D229F3008A338E /* Assets.xcassets */ = {isa = PBXFileReference; lastKnownFileType = folder.assetcatalog; path = Assets.xcassets; sourceTree = "<group>"; };
		5EAC256522D229F3008A338E /* Base */ = {isa = PBXFileReference; lastKnownFileType = file.storyboard; name = Base; path = Base.lproj/LaunchScreen.storyboard; sourceTree = "<group>"; };
		5EAC256722D229F3008A338E /* Info.plist */ = {isa = PBXFileReference; lastKnownFileType = text.plist.xml; path = Info.plist; sourceTree = "<group>"; };
		5EAC256C22D229F3008A338E /* IPongTests.xctest */ = {isa = PBXFileReference; explicitFileType = wrapper.cfbundle; includeInIndex = 0; path = IPongTests.xctest; sourceTree = BUILT_PRODUCTS_DIR; };
		5EAC257022D229F3008A338E /* IPongTests.swift */ = {isa = PBXFileReference; lastKnownFileType = sourcecode.swift; path = IPongTests.swift; sourceTree = "<group>"; };
		5EAC257222D229F3008A338E /* Info.plist */ = {isa = PBXFileReference; lastKnownFileType = text.plist.xml; path = Info.plist; sourceTree = "<group>"; };
		5EAC257722D229F3008A338E /* IPongUITests.xctest */ = {isa = PBXFileReference; explicitFileType = wrapper.cfbundle; includeInIndex = 0; path = IPongUITests.xctest; sourceTree = BUILT_PRODUCTS_DIR; };
		5EAC257B22D229F3008A338E /* IPongUITests.swift */ = {isa = PBXFileReference; lastKnownFileType = sourcecode.swift; path = IPongUITests.swift; sourceTree = "<group>"; };
		5EAC257D22D229F3008A338E /* Info.plist */ = {isa = PBXFileReference; lastKnownFileType = text.plist.xml; path = Info.plist; sourceTree = "<group>"; };
/* End PBXFileReference section */

/* Begin PBXFrameworksBuildPhase section */
		5EAC254F22D229EF008A338E /* Frameworks */ = {
			isa = PBXFrameworksBuildPhase;
			buildActionMask = 2147483647;
			files = (
			);
			runOnlyForDeploymentPostprocessing = 0;
		};
		5EAC256922D229F3008A338E /* Frameworks */ = {
			isa = PBXFrameworksBuildPhase;
			buildActionMask = 2147483647;
			files = (
			);
			runOnlyForDeploymentPostprocessing = 0;
		};
		5EAC257422D229F3008A338E /* Frameworks */ = {
			isa = PBXFrameworksBuildPhase;
			buildActionMask = 2147483647;
			files = (
			);
			runOnlyForDeploymentPostprocessing = 0;
		};
/* End PBXFrameworksBuildPhase section */

/* Begin PBXGroup section */
		5E0EDC7D22D66D9F0053543B /* Images */ = {
			isa = PBXGroup;
			children = (
				5E0EDC8322D66DCC0053543B /* Difficult.png */,
				5E0EDC7F22D66DCB0053543B /* Easy.png */,
				5E0EDC8222D66DCC0053543B /* logo.png */,
				5E0EDC8A22D672080053543B /* epic.png */,
				5E0EDC8022D66DCB0053543B /* 2player.png */,
				5E0EDC8122D66DCB0053543B /* Medium.png */,
				5E0EDC7E22D66DCB0053543B /* 67120805_395169181357560_6738643850216079360_n.png */,
			);
			path = Images;
			sourceTree = "<group>";
		};
		5EAC254922D229EF008A338E = {
			isa = PBXGroup;
			children = (
				5EAC255422D229EF008A338E /* IPong */,
				5EAC256F22D229F3008A338E /* IPongTests */,
				5EAC257A22D229F3008A338E /* IPongUITests */,
				5EAC255322D229EF008A338E /* Products */,
			);
			sourceTree = "<group>";
		};
		5EAC255322D229EF008A338E /* Products */ = {
			isa = PBXGroup;
			children = (
				5EAC255222D229EF008A338E /* IPong.app */,
				5EAC256C22D229F3008A338E /* IPongTests.xctest */,
				5EAC257722D229F3008A338E /* IPongUITests.xctest */,
			);
			name = Products;
			sourceTree = "<group>";
		};
		5EAC255422D229EF008A338E /* IPong */ = {
			isa = PBXGroup;
			children = (
				5E0EDC7D22D66D9F0053543B /* Images */,
				5EAC255522D229EF008A338E /* AppDelegate.swift */,
				5EAC255722D229EF008A338E /* GameScene.sks */,
				5EAC255922D229EF008A338E /* Actions.sks */,
				5EAC255B22D229EF008A338E /* GameScene.swift */,
				5EAC255D22D229EF008A338E /* GameViewController.swift */,
				5EAC255F22D229EF008A338E /* Main.storyboard */,
				5E56D41422D52C8500C8DE4B /* MenuViewController.swift */,
				5EAC256222D229F3008A338E /* Assets.xcassets */,
				5EAC256422D229F3008A338E /* LaunchScreen.storyboard */,
				5E56D41222D5241C00C8DE4B /* Rubber Biscuit Bold .TTF */,
				5EAC256722D229F3008A338E /* Info.plist */,
			);
			path = IPong;
			sourceTree = "<group>";
		};
		5EAC256F22D229F3008A338E /* IPongTests */ = {
			isa = PBXGroup;
			children = (
				5EAC257022D229F3008A338E /* IPongTests.swift */,
				5EAC257222D229F3008A338E /* Info.plist */,
			);
			path = IPongTests;
			sourceTree = "<group>";
		};
		5EAC257A22D229F3008A338E /* IPongUITests */ = {
			isa = PBXGroup;
			children = (
				5EAC257B22D229F3008A338E /* IPongUITests.swift */,
				5EAC257D22D229F3008A338E /* Info.plist */,
			);
			path = IPongUITests;
			sourceTree = "<group>";
		};
/* End PBXGroup section */

/* Begin PBXNativeTarget section */
		5EAC255122D229EF008A338E /* IPong */ = {
			isa = PBXNativeTarget;
			buildConfigurationList = 5EAC258022D229F3008A338E /* Build configuration list for PBXNativeTarget "IPong" */;
			buildPhases = (
				5EAC254E22D229EF008A338E /* Sources */,
				5EAC254F22D229EF008A338E /* Frameworks */,
				5EAC255022D229EF008A338E /* Resources */,
			);
			buildRules = (
			);
			dependencies = (
			);
			name = IPong;
			productName = IPong;
			productReference = 5EAC255222D229EF008A338E /* IPong.app */;
			productType = "com.apple.product-type.application";
		};
		5EAC256B22D229F3008A338E /* IPongTests */ = {
			isa = PBXNativeTarget;
			buildConfigurationList = 5EAC258322D229F3008A338E /* Build configuration list for PBXNativeTarget "IPongTests" */;
			buildPhases = (
				5EAC256822D229F3008A338E /* Sources */,
				5EAC256922D229F3008A338E /* Frameworks */,
				5EAC256A22D229F3008A338E /* Resources */,
			);
			buildRules = (
			);
			dependencies = (
				5EAC256E22D229F3008A338E /* PBXTargetDependency */,
			);
			name = IPongTests;
			productName = IPongTests;
			productReference = 5EAC256C22D229F3008A338E /* IPongTests.xctest */;
			productType = "com.apple.product-type.bundle.unit-test";
		};
		5EAC257622D229F3008A338E /* IPongUITests */ = {
			isa = PBXNativeTarget;
			buildConfigurationList = 5EAC258622D229F3008A338E /* Build configuration list for PBXNativeTarget "IPongUITests" */;
			buildPhases = (
				5EAC257322D229F3008A338E /* Sources */,
				5EAC257422D229F3008A338E /* Frameworks */,
				5EAC257522D229F3008A338E /* Resources */,
			);
			buildRules = (
			);
			dependencies = (
				5EAC257922D229F3008A338E /* PBXTargetDependency */,
			);
			name = IPongUITests;
			productName = IPongUITests;
			productReference = 5EAC257722D229F3008A338E /* IPongUITests.xctest */;
			productType = "com.apple.product-type.bundle.ui-testing";
		};
/* End PBXNativeTarget section */

/* Begin PBXProject section */
		5EAC254A22D229EF008A338E /* Project object */ = {
			isa = PBXProject;
			attributes = {
				LastSwiftUpdateCheck = 1020;
				LastUpgradeCheck = 1020;
				ORGANIZATIONNAME = Ash;
				TargetAttributes = {
					5EAC255122D229EF008A338E = {
						CreatedOnToolsVersion = 10.2.1;
					};
					5EAC256B22D229F3008A338E = {
						CreatedOnToolsVersion = 10.2.1;
						TestTargetID = 5EAC255122D229EF008A338E;
					};
					5EAC257622D229F3008A338E = {
						CreatedOnToolsVersion = 10.2.1;
						TestTargetID = 5EAC255122D229EF008A338E;
					};
				};
			};
			buildConfigurationList = 5EAC254D22D229EF008A338E /* Build configuration list for PBXProject "IPong" */;
			compatibilityVersion = "Xcode 9.3";
			developmentRegion = en;
			hasScannedForEncodings = 0;
			knownRegions = (
				en,
				Base,
			);
			mainGroup = 5EAC254922D229EF008A338E;
			productRefGroup = 5EAC255322D229EF008A338E /* Products */;
			projectDirPath = "";
			projectRoot = "";
			targets = (
				5EAC255122D229EF008A338E /* IPong */,
				5EAC256B22D229F3008A338E /* IPongTests */,
				5EAC257622D229F3008A338E /* IPongUITests */,
			);
		};
/* End PBXProject section */

/* Begin PBXResourcesBuildPhase section */
		5EAC255022D229EF008A338E /* Resources */ = {
			isa = PBXResourcesBuildPhase;
			buildActionMask = 2147483647;
			files = (
				5EAC256122D229EF008A338E /* Main.storyboard in Resources */,
				5E56D41322D5241D00C8DE4B /* Rubber Biscuit Bold .TTF in Resources */,
				5E0EDC8722D66DCC0053543B /* Medium.png in Resources */,
				5E0EDC8B22D672080053543B /* epic.png in Resources */,
				5E0EDC8922D66DCC0053543B /* Difficult.png in Resources */,
				5E0EDC8422D66DCC0053543B /* 67120805_395169181357560_6738643850216079360_n.png in Resources */,
				5E0EDC8522D66DCC0053543B /* Easy.png in Resources */,
				5E0EDC8822D66DCC0053543B /* logo.png in Resources */,
				5EAC255822D229EF008A338E /* GameScene.sks in Resources */,
				5EAC256322D229F3008A338E /* Assets.xcassets in Resources */,
				5EAC256622D229F3008A338E /* LaunchScreen.storyboard in Resources */,
				5E0EDC8622D66DCC0053543B /* 2player.png in Resources */,
				5EAC255A22D229EF008A338E /* Actions.sks in Resources */,
			);
			runOnlyForDeploymentPostprocessing = 0;
		};
		5EAC256A22D229F3008A338E /* Resources */ = {
			isa = PBXResourcesBuildPhase;
			buildActionMask = 2147483647;
			files = (
			);
			runOnlyForDeploymentPostprocessing = 0;
		};
		5EAC257522D229F3008A338E /* Resources */ = {
			isa = PBXResourcesBuildPhase;
			buildActionMask = 2147483647;
			files = (
			);
			runOnlyForDeploymentPostprocessing = 0;
		};
/* End PBXResourcesBuildPhase section */

/* Begin PBXSourcesBuildPhase section */
		5EAC254E22D229EF008A338E /* Sources */ = {
			isa = PBXSourcesBuildPhase;
			buildActionMask = 2147483647;
			files = (
				5EAC255C22D229EF008A338E /* GameScene.swift in Sources */,
				5EAC255E22D229EF008A338E /* GameViewController.swift in Sources */,
				5EAC255622D229EF008A338E /* AppDelegate.swift in Sources */,
				5E56D41522D52C8500C8DE4B /* MenuViewController.swift in Sources */,
			);
			runOnlyForDeploymentPostprocessing = 0;
		};
		5EAC256822D229F3008A338E /* Sources */ = {
			isa = PBXSourcesBuildPhase;
			buildActionMask = 2147483647;
			files = (
				5EAC257122D229F3008A338E /* IPongTests.swift in Sources */,
			);
			runOnlyForDeploymentPostprocessing = 0;
		};
		5EAC257322D229F3008A338E /* Sources */ = {
			isa = PBXSourcesBuildPhase;
			buildActionMask = 2147483647;
			files = (
				5EAC257C22D229F3008A338E /* IPongUITests.swift in Sources */,
			);
			runOnlyForDeploymentPostprocessing = 0;
		};
/* End PBXSourcesBuildPhase section */

/* Begin PBXTargetDependency section */
		5EAC256E22D229F3008A338E /* PBXTargetDependency */ = {
			isa = PBXTargetDependency;
			target = 5EAC255122D229EF008A338E /* IPong */;
			targetProxy = 5EAC256D22D229F3008A338E /* PBXContainerItemProxy */;
		};
		5EAC257922D229F3008A338E /* PBXTargetDependency */ = {
			isa = PBXTargetDependency;
			target = 5EAC255122D229EF008A338E /* IPong */;
			targetProxy = 5EAC257822D229F3008A338E /* PBXContainerItemProxy */;
		};
/* End PBXTargetDependency section */

/* Begin PBXVariantGroup section */
		5EAC255F22D229EF008A338E /* Main.storyboard */ = {
			isa = PBXVariantGroup;
			children = (
				5EAC256022D229EF008A338E /* Base */,
			);
			name = Main.storyboard;
			sourceTree = "<group>";
		};
		5EAC256422D229F3008A338E /* LaunchScreen.storyboard */ = {
			isa = PBXVariantGroup;
			children = (
				5EAC256522D229F3008A338E /* Base */,
			);
			name = LaunchScreen.storyboard;
			sourceTree = "<group>";
		};
/* End PBXVariantGroup section */

/* Begin XCBuildConfiguration section */
		5EAC257E22D229F3008A338E /* Debug */ = {
			isa = XCBuildConfiguration;
			buildSettings = {
				ALWAYS_SEARCH_USER_PATHS = NO;
				CLANG_ANALYZER_NONNULL = YES;
				CLANG_ANALYZER_NUMBER_OBJECT_CONVERSION = YES_AGGRESSIVE;
				CLANG_CXX_LANGUAGE_STANDARD = "gnu++14";
				CLANG_CXX_LIBRARY = "libc++";
				CLANG_ENABLE_MODULES = YES;
				CLANG_ENABLE_OBJC_ARC = YES;
				CLANG_ENABLE_OBJC_WEAK = YES;
				CLANG_WARN_BLOCK_CAPTURE_AUTORELEASING = YES;
				CLANG_WARN_BOOL_CONVERSION = YES;
				CLANG_WARN_COMMA = YES;
				CLANG_WARN_CONSTANT_CONVERSION = YES;
				CLANG_WARN_DEPRECATED_OBJC_IMPLEMENTATIONS = YES;
				CLANG_WARN_DIRECT_OBJC_ISA_USAGE = YES_ERROR;
				CLANG_WARN_DOCUMENTATION_COMMENTS = YES;
				CLANG_WARN_EMPTY_BODY = YES;
				CLANG_WARN_ENUM_CONVERSION = YES;
				CLANG_WARN_INFINITE_RECURSION = YES;
				CLANG_WARN_INT_CONVERSION = YES;
				CLANG_WARN_NON_LITERAL_NULL_CONVERSION = YES;
				CLANG_WARN_OBJC_IMPLICIT_RETAIN_SELF = YES;
				CLANG_WARN_OBJC_LITERAL_CONVERSION = YES;
				CLANG_WARN_OBJC_ROOT_CLASS = YES_ERROR;
				CLANG_WARN_RANGE_LOOP_ANALYSIS = YES;
				CLANG_WARN_STRICT_PROTOTYPES = YES;
				CLANG_WARN_SUSPICIOUS_MOVE = YES;
				CLANG_WARN_UNGUARDED_AVAILABILITY = YES_AGGRESSIVE;
				CLANG_WARN_UNREACHABLE_CODE = YES;
				CLANG_WARN__DUPLICATE_METHOD_MATCH = YES;
				CODE_SIGN_IDENTITY = "iPhone Developer";
				COPY_PHASE_STRIP = NO;
				DEBUG_INFORMATION_FORMAT = dwarf;
				ENABLE_STRICT_OBJC_MSGSEND = YES;
				ENABLE_TESTABILITY = YES;
				GCC_C_LANGUAGE_STANDARD = gnu11;
				GCC_DYNAMIC_NO_PIC = NO;
				GCC_NO_COMMON_BLOCKS = YES;
				GCC_OPTIMIZATION_LEVEL = 0;
				GCC_PREPROCESSOR_DEFINITIONS = (
					"DEBUG=1",
					"$(inherited)",
				);
				GCC_WARN_64_TO_32_BIT_CONVERSION = YES;
				GCC_WARN_ABOUT_RETURN_TYPE = YES_ERROR;
				GCC_WARN_UNDECLARED_SELECTOR = YES;
				GCC_WARN_UNINITIALIZED_AUTOS = YES_AGGRESSIVE;
				GCC_WARN_UNUSED_FUNCTION = YES;
				GCC_WARN_UNUSED_VARIABLE = YES;
				IPHONEOS_DEPLOYMENT_TARGET = 12.2;
				MTL_ENABLE_DEBUG_INFO = INCLUDE_SOURCE;
				MTL_FAST_MATH = YES;
				ONLY_ACTIVE_ARCH = YES;
				SDKROOT = iphoneos;
				SWIFT_ACTIVE_COMPILATION_CONDITIONS = DEBUG;
				SWIFT_OPTIMIZATION_LEVEL = "-Onone";
			};
			name = Debug;
		};
		5EAC257F22D229F3008A338E /* Release */ = {
			isa = XCBuildConfiguration;
			buildSettings = {
				ALWAYS_SEARCH_USER_PATHS = NO;
				CLANG_ANALYZER_NONNULL = YES;
				CLANG_ANALYZER_NUMBER_OBJECT_CONVERSION = YES_AGGRESSIVE;
				CLANG_CXX_LANGUAGE_STANDARD = "gnu++14";
				CLANG_CXX_LIBRARY = "libc++";
				CLANG_ENABLE_MODULES = YES;
				CLANG_ENABLE_OBJC_ARC = YES;
				CLANG_ENABLE_OBJC_WEAK = YES;
				CLANG_WARN_BLOCK_CAPTURE_AUTORELEASING = YES;
				CLANG_WARN_BOOL_CONVERSION = YES;
				CLANG_WARN_COMMA = YES;
				CLANG_WARN_CONSTANT_CONVERSION = YES;
				CLANG_WARN_DEPRECATED_OBJC_IMPLEMENTATIONS = YES;
				CLANG_WARN_DIRECT_OBJC_ISA_USAGE = YES_ERROR;
				CLANG_WARN_DOCUMENTATION_COMMENTS = YES;
				CLANG_WARN_EMPTY_BODY = YES;
				CLANG_WARN_ENUM_CONVERSION = YES;
				CLANG_WARN_INFINITE_RECURSION = YES;
				CLANG_WARN_INT_CONVERSION = YES;
				CLANG_WARN_NON_LITERAL_NULL_CONVERSION = YES;
				CLANG_WARN_OBJC_IMPLICIT_RETAIN_SELF = YES;
				CLANG_WARN_OBJC_LITERAL_CONVERSION = YES;
				CLANG_WARN_OBJC_ROOT_CLASS = YES_ERROR;
				CLANG_WARN_RANGE_LOOP_ANALYSIS = YES;
				CLANG_WARN_STRICT_PROTOTYPES = YES;
				CLANG_WARN_SUSPICIOUS_MOVE = YES;
				CLANG_WARN_UNGUARDED_AVAILABILITY = YES_AGGRESSIVE;
				CLANG_WARN_UNREACHABLE_CODE = YES;
				CLANG_WARN__DUPLICATE_METHOD_MATCH = YES;
				CODE_SIGN_IDENTITY = "iPhone Developer";
				COPY_PHASE_STRIP = NO;
				DEBUG_INFORMATION_FORMAT = "dwarf-with-dsym";
				ENABLE_NS_ASSERTIONS = NO;
				ENABLE_STRICT_OBJC_MSGSEND = YES;
				GCC_C_LANGUAGE_STANDARD = gnu11;
				GCC_NO_COMMON_BLOCKS = YES;
				GCC_WARN_64_TO_32_BIT_CONVERSION = YES;
				GCC_WARN_ABOUT_RETURN_TYPE = YES_ERROR;
				GCC_WARN_UNDECLARED_SELECTOR = YES;
				GCC_WARN_UNINITIALIZED_AUTOS = YES_AGGRESSIVE;
				GCC_WARN_UNUSED_FUNCTION = YES;
				GCC_WARN_UNUSED_VARIABLE = YES;
				IPHONEOS_DEPLOYMENT_TARGET = 12.2;
				MTL_ENABLE_DEBUG_INFO = NO;
				MTL_FAST_MATH = YES;
				SDKROOT = iphoneos;
				SWIFT_COMPILATION_MODE = wholemodule;
				SWIFT_OPTIMIZATION_LEVEL = "-O";
				VALIDATE_PRODUCT = YES;
			};
			name = Release;
		};
		5EAC258122D229F3008A338E /* Debug */ = {
			isa = XCBuildConfiguration;
			buildSettings = {
				ASSETCATALOG_COMPILER_APPICON_NAME = AppIcon;
				CODE_SIGN_STYLE = Automatic;
				DEVELOPMENT_TEAM = 8QUSJD2C3Y;
				INFOPLIST_FILE = IPong/Info.plist;
				LD_RUNPATH_SEARCH_PATHS = (
					"$(inherited)",
					"@executable_path/Frameworks",
				);
				PRODUCT_BUNDLE_IDENTIFIER = com.ashleylhudson.IPong;
				PRODUCT_NAME = "$(TARGET_NAME)";
				SWIFT_VERSION = 5.0;
				TARGETED_DEVICE_FAMILY = "1,2";
			};
			name = Debug;
		};
		5EAC258222D229F3008A338E /* Release */ = {
			isa = XCBuildConfiguration;
			buildSettings = {
				ASSETCATALOG_COMPILER_APPICON_NAME = AppIcon;
				CODE_SIGN_STYLE = Automatic;
				DEVELOPMENT_TEAM = 8QUSJD2C3Y;
				INFOPLIST_FILE = IPong/Info.plist;
				LD_RUNPATH_SEARCH_PATHS = (
					"$(inherited)",
					"@executable_path/Frameworks",
				);
				PRODUCT_BUNDLE_IDENTIFIER = com.ashleylhudson.IPong;
				PRODUCT_NAME = "$(TARGET_NAME)";
				SWIFT_VERSION = 5.0;
				TARGETED_DEVICE_FAMILY = "1,2";
			};
			name = Release;
		};
		5EAC258422D229F3008A338E /* Debug */ = {
			isa = XCBuildConfiguration;
			buildSettings = {
				ALWAYS_EMBED_SWIFT_STANDARD_LIBRARIES = YES;
				BUNDLE_LOADER = "$(TEST_HOST)";
				CODE_SIGN_STYLE = Automatic;
				DEVELOPMENT_TEAM = 8QUSJD2C3Y;
				INFOPLIST_FILE = IPongTests/Info.plist;
				LD_RUNPATH_SEARCH_PATHS = (
					"$(inherited)",
					"@executable_path/Frameworks",
					"@loader_path/Frameworks",
				);
				PRODUCT_BUNDLE_IDENTIFIER = com.ashleylhudson.IPongTests;
				PRODUCT_NAME = "$(TARGET_NAME)";
				SWIFT_VERSION = 5.0;
				TARGETED_DEVICE_FAMILY = "1,2";
				TEST_HOST = "$(BUILT_PRODUCTS_DIR)/IPong.app/IPong";
			};
			name = Debug;
		};
		5EAC258522D229F3008A338E /* Release */ = {
			isa = XCBuildConfiguration;
			buildSettings = {
				ALWAYS_EMBED_SWIFT_STANDARD_LIBRARIES = YES;
				BUNDLE_LOADER = "$(TEST_HOST)";
				CODE_SIGN_STYLE = Automatic;
				DEVELOPMENT_TEAM = 8QUSJD2C3Y;
				INFOPLIST_FILE = IPongTests/Info.plist;
				LD_RUNPATH_SEARCH_PATHS = (
					"$(inherited)",
					"@executable_path/Frameworks",
					"@loader_path/Frameworks",
				);
				PRODUCT_BUNDLE_IDENTIFIER = com.ashleylhudson.IPongTests;
				PRODUCT_NAME = "$(TARGET_NAME)";
				SWIFT_VERSION = 5.0;
				TARGETED_DEVICE_FAMILY = "1,2";
				TEST_HOST = "$(BUILT_PRODUCTS_DIR)/IPong.app/IPong";
			};
			name = Release;
		};
		5EAC258722D229F3008A338E /* Debug */ = {
			isa = XCBuildConfiguration;
			buildSettings = {
				ALWAYS_EMBED_SWIFT_STANDARD_LIBRARIES = YES;
				CODE_SIGN_STYLE = Automatic;
				DEVELOPMENT_TEAM = 8QUSJD2C3Y;
				INFOPLIST_FILE = IPongUITests/Info.plist;
				LD_RUNPATH_SEARCH_PATHS = (
					"$(inherited)",
					"@executable_path/Frameworks",
					"@loader_path/Frameworks",
				);
				PRODUCT_BUNDLE_IDENTIFIER = com.ashleylhudson.IPongUITests;
				PRODUCT_NAME = "$(TARGET_NAME)";
				SWIFT_VERSION = 5.0;
				TARGETED_DEVICE_FAMILY = "1,2";
				TEST_TARGET_NAME = IPong;
			};
			name = Debug;
		};
		5EAC258822D229F3008A338E /* Release */ = {
			isa = XCBuildConfiguration;
			buildSettings = {
				ALWAYS_EMBED_SWIFT_STANDARD_LIBRARIES = YES;
				CODE_SIGN_STYLE = Automatic;
				DEVELOPMENT_TEAM = 8QUSJD2C3Y;
				INFOPLIST_FILE = IPongUITests/Info.plist;
				LD_RUNPATH_SEARCH_PATHS = (
					"$(inherited)",
					"@executable_path/Frameworks",
					"@loader_path/Frameworks",
				);
				PRODUCT_BUNDLE_IDENTIFIER = com.ashleylhudson.IPongUITests;
				PRODUCT_NAME = "$(TARGET_NAME)";
				SWIFT_VERSION = 5.0;
				TARGETED_DEVICE_FAMILY = "1,2";
				TEST_TARGET_NAME = IPong;
			};
			name = Release;
		};
/* End XCBuildConfiguration section */

/* Begin XCConfigurationList section */
		5EAC254D22D229EF008A338E /* Build configuration list for PBXProject "IPong" */ = {
			isa = XCConfigurationList;
			buildConfigurations = (
				5EAC257E22D229F3008A338E /* Debug */,
				5EAC257F22D229F3008A338E /* Release */,
			);
			defaultConfigurationIsVisible = 0;
			defaultConfigurationName = Release;
		};
		5EAC258022D229F3008A338E /* Build configuration list for PBXNativeTarget "IPong" */ = {
			isa = XCConfigurationList;
			buildConfigurations = (
				5EAC258122D229F3008A338E /* Debug */,
				5EAC258222D229F3008A338E /* Release */,
			);
			defaultConfigurationIsVisible = 0;
			defaultConfigurationName = Release;
		};
		5EAC258322D229F3008A338E /* Build configuration list for PBXNativeTarget "IPongTests" */ = {
			isa = XCConfigurationList;
			buildConfigurations = (
				5EAC258422D229F3008A338E /* Debug */,
				5EAC258522D229F3008A338E /* Release */,
			);
			defaultConfigurationIsVisible = 0;
			defaultConfigurationName = Release;
		};
		5EAC258622D229F3008A338E /* Build configuration list for PBXNativeTarget "IPongUITests" */ = {
			isa = XCConfigurationList;
			buildConfigurations = (
				5EAC258722D229F3008A338E /* Debug */,
				5EAC258822D229F3008A338E /* Release */,
			);
			defaultConfigurationIsVisible = 0;
			defaultConfigurationName = Release;
		};
/* End XCConfigurationList section */
	};
	rootObject = 5EAC254A22D229EF008A338E /* Project object */;
}
