// !$*UTF8*$!
{
	archiveVersion = 1;
	classes = {
	};
	objectVersion = 50;
	objects = {

/* Begin PBXBuildFile section */
		354B895623284A00006BB396 /* 2p.png in Resources */ = {isa = PBXBuildFile; fileRef = 354B895523284A00006BB396 /* 2p.png */; };
		354B895823284A02006BB396 /* harddiff.png in Resources */ = {isa = PBXBuildFile; fileRef = 354B895723284A02006BB396 /* harddiff.png */; };
		354B895A23284A07006BB396 /* mediumdiff.png in Resources */ = {isa = PBXBuildFile; fileRef = 354B895923284A07006BB396 /* mediumdiff.png */; };
		354B895C23284A25006BB396 /* eastdiff.png in Resources */ = {isa = PBXBuildFile; fileRef = 354B895B23284A25006BB396 /* eastdiff.png */; };
		35B329662323ED3D00139CFD /* back.png in Resources */ = {isa = PBXBuildFile; fileRef = 35B329652323ED3D00139CFD /* back.png */; };
		35B6DEDD23259469009C42F4 /* mainbackground.png in Resources */ = {isa = PBXBuildFile; fileRef = 35B6DEDC23259469009C42F4 /* mainbackground.png */; };
		35B6DEDF23259485009C42F4 /* 70727722_515925395838206_521264723128221696_n.png in Resources */ = {isa = PBXBuildFile; fileRef = 35B6DEDE23259485009C42F4 /* 70727722_515925395838206_521264723128221696_n.png */; };
		35B6DEE12325A814009C42F4 /* pingpong.json in Resources */ = {isa = PBXBuildFile; fileRef = 35B6DEE02325A813009C42F4 /* pingpong.json */; };
		35B6DEE52325C8D2009C42F4 /* 69934549_935012956837382_1664044117732098048_n.png in Resources */ = {isa = PBXBuildFile; fileRef = 35B6DEE42325C8D2009C42F4 /* 69934549_935012956837382_1664044117732098048_n.png */; };
		35B6DEE72325C8E3009C42F4 /* 69952970_1202423266610976_2928109123872489472_n.png in Resources */ = {isa = PBXBuildFile; fileRef = 35B6DEE62325C8E3009C42F4 /* 69952970_1202423266610976_2928109123872489472_n.png */; };
		35B6DEE92325C8EB009C42F4 /* 69714269_421277355411781_5700375316459945984_n.png in Resources */ = {isa = PBXBuildFile; fileRef = 35B6DEE82325C8EB009C42F4 /* 69714269_421277355411781_5700375316459945984_n.png */; };
		35B6DEEC2325C9E7009C42F4 /* Main.storyboard in Resources */ = {isa = PBXBuildFile; fileRef = 35B6DEEA2325C9E7009C42F4 /* Main.storyboard */; };
		35FB93FF2323F60400EC839C /* multiplayer.png in Resources */ = {isa = PBXBuildFile; fileRef = 35FB93FB2323F60400EC839C /* multiplayer.png */; };
		5E56D41322D5241D00C8DE4B /* Rubber Biscuit Bold .TTF in Resources */ = {isa = PBXBuildFile; fileRef = 5E56D41222D5241C00C8DE4B /* Rubber Biscuit Bold .TTF */; };
		5E56D41522D52C8500C8DE4B /* MenuViewController.swift in Sources */ = {isa = PBXBuildFile; fileRef = 5E56D41422D52C8500C8DE4B /* MenuViewController.swift */; };
		5EAC255622D229EF008A338E /* AppDelegate.swift in Sources */ = {isa = PBXBuildFile; fileRef = 5EAC255522D229EF008A338E /* AppDelegate.swift */; };
		5EAC255822D229EF008A338E /* GameScene.sks in Resources */ = {isa = PBXBuildFile; fileRef = 5EAC255722D229EF008A338E /* GameScene.sks */; };
		5EAC255A22D229EF008A338E /* Actions.sks in Resources */ = {isa = PBXBuildFile; fileRef = 5EAC255922D229EF008A338E /* Actions.sks */; };
		5EAC255C22D229EF008A338E /* GameScene.swift in Sources */ = {isa = PBXBuildFile; fileRef = 5EAC255B22D229EF008A338E /* GameScene.swift */; };
		5EAC255E22D229EF008A338E /* GameViewController.swift in Sources */ = {isa = PBXBuildFile; fileRef = 5EAC255D22D229EF008A338E /* GameViewController.swift */; };
		5EAC256322D229F3008A338E /* Assets.xcassets in Resources */ = {isa = PBXBuildFile; fileRef = 5EAC256222D229F3008A338E /* Assets.xcassets */; };
		5EAC256622D229F3008A338E /* LaunchScreen.storyboard in Resources */ = {isa = PBXBuildFile; fileRef = 5EAC256422D229F3008A338E /* LaunchScreen.storyboard */; };
		5EAC257122D229F3008A338E /* IPongTests.swift in Sources */ = {isa = PBXBuildFile; fileRef = 5EAC257022D229F3008A338E /* IPongTests.swift */; };
		5EAC257C22D229F3008A338E /* IPongUITests.swift in Sources */ = {isa = PBXBuildFile; fileRef = 5EAC257B22D229F3008A338E /* IPongUITests.swift */; };
		6BFFE99BF40DFA5B0EEC2E37 /* Pods_IPongTests.framework in Frameworks */ = {isa = PBXBuildFile; fileRef = 075C0F5F3F14FD99B48E76D5 /* Pods_IPongTests.framework */; };
		9D2B27E007D3D503A38226E4 /* Pods_IPong.framework in Frameworks */ = {isa = PBXBuildFile; fileRef = 222F7C0EFEBE1F9F50F97FFC /* Pods_IPong.framework */; };
		F7D617A18B8429925743D19E /* Pods_IPongUITests.framework in Frameworks */ = {isa = PBXBuildFile; fileRef = 3E0FD4C3EFC567E7826A29C2 /* Pods_IPongUITests.framework */; };
/* End PBXBuildFile section */

/* Begin PBXContainerItemProxy section */
		5EAC256D22D229F3008A338E /* PBXContainerItemProxy */ = {
			isa = PBXContainerItemProxy;
			containerPortal = 5EAC254A22D229EF008A338E /* Project object */;
			proxyType = 1;
			remoteGlobalIDString = 5EAC255122D229EF008A338E;
			remoteInfo = IPong;
		};
		5EAC257822D229F3008A338E /* PBXContainerItemProxy */ = {
			isa = PBXContainerItemProxy;
			containerPortal = 5EAC254A22D229EF008A338E /* Project object */;
			proxyType = 1;
			remoteGlobalIDString = 5EAC255122D229EF008A338E;
			remoteInfo = IPong;
		};
/* End PBXContainerItemProxy section */

/* Begin PBXFileReference section */
		075C0F5F3F14FD99B48E76D5 /* Pods_IPongTests.framework */ = {isa = PBXFileReference; explicitFileType = wrapper.framework; includeInIndex = 0; path = Pods_IPongTests.framework; sourceTree = BUILT_PRODUCTS_DIR; };
		1B2E5F102232965481837725 /* Pods-IPongUITests.release.xcconfig */ = {isa = PBXFileReference; includeInIndex = 1; lastKnownFileType = text.xcconfig; name = "Pods-IPongUITests.release.xcconfig"; path = "Target Support Files/Pods-IPongUITests/Pods-IPongUITests.release.xcconfig"; sourceTree = "<group>"; };
		222F7C0EFEBE1F9F50F97FFC /* Pods_IPong.framework */ = {isa = PBXFileReference; explicitFileType = wrapper.framework; includeInIndex = 0; path = Pods_IPong.framework; sourceTree = BUILT_PRODUCTS_DIR; };
		354B895523284A00006BB396 /* 2p.png */ = {isa = PBXFileReference; lastKnownFileType = image.png; path = 2p.png; sourceTree = "<group>"; };
		354B895723284A02006BB396 /* harddiff.png */ = {isa = PBXFileReference; lastKnownFileType = image.png; path = harddiff.png; sourceTree = "<group>"; };
		354B895923284A07006BB396 /* mediumdiff.png */ = {isa = PBXFileReference; lastKnownFileType = image.png; path = mediumdiff.png; sourceTree = "<group>"; };
		354B895B23284A25006BB396 /* eastdiff.png */ = {isa = PBXFileReference; lastKnownFileType = image.png; path = eastdiff.png; sourceTree = "<group>"; };
		35B329652323ED3D00139CFD /* back.png */ = {isa = PBXFileReference; lastKnownFileType = image.png; path = back.png; sourceTree = "<group>"; };
		35B6DEDC23259469009C42F4 /* mainbackground.png */ = {isa = PBXFileReference; lastKnownFileType = image.png; name = mainbackground.png; path = ../../../../Downloads/mainbackground.png; sourceTree = "<group>"; };
		35B6DEDE23259485009C42F4 /* 70727722_515925395838206_521264723128221696_n.png */ = {isa = PBXFileReference; lastKnownFileType = image.png; path = 70727722_515925395838206_521264723128221696_n.png; sourceTree = "<group>"; };
		35B6DEE02325A813009C42F4 /* pingpong.json */ = {isa = PBXFileReference; fileEncoding = 4; lastKnownFileType = text.json; path = pingpong.json; sourceTree = "<group>"; };
		35B6DEE42325C8D2009C42F4 /* 69934549_935012956837382_1664044117732098048_n.png */ = {isa = PBXFileReference; lastKnownFileType = image.png; path = 69934549_935012956837382_1664044117732098048_n.png; sourceTree = "<group>"; };
		35B6DEE62325C8E3009C42F4 /* 69952970_1202423266610976_2928109123872489472_n.png */ = {isa = PBXFileReference; lastKnownFileType = image.png; path = 69952970_1202423266610976_2928109123872489472_n.png; sourceTree = "<group>"; };
		35B6DEE82325C8EB009C42F4 /* 69714269_421277355411781_5700375316459945984_n.png */ = {isa = PBXFileReference; lastKnownFileType = image.png; path = 69714269_421277355411781_5700375316459945984_n.png; sourceTree = "<group>"; };
		35B6DEEB2325C9E7009C42F4 /* Base */ = {isa = PBXFileReference; lastKnownFileType = file.storyboard; name = Base; path = Base.lproj/Main.storyboard; sourceTree = "<group>"; };
		35FB93FB2323F60400EC839C /* multiplayer.png */ = {isa = PBXFileReference; lastKnownFileType = image.png; path = multiplayer.png; sourceTree = "<group>"; };
		3B1290915CF35160CB39EA96 /* Pods-IPongTests.release.xcconfig */ = {isa = PBXFileReference; includeInIndex = 1; lastKnownFileType = text.xcconfig; name = "Pods-IPongTests.release.xcconfig"; path = "Target Support Files/Pods-IPongTests/Pods-IPongTests.release.xcconfig"; sourceTree = "<group>"; };
		3E0FD4C3EFC567E7826A29C2 /* Pods_IPongUITests.framework */ = {isa = PBXFileReference; explicitFileType = wrapper.framework; includeInIndex = 0; path = Pods_IPongUITests.framework; sourceTree = BUILT_PRODUCTS_DIR; };
		5E56D41222D5241C00C8DE4B /* Rubber Biscuit Bold .TTF */ = {isa = PBXFileReference; lastKnownFileType = file; path = "Rubber Biscuit Bold .TTF"; sourceTree = "<group>"; };
		5E56D41422D52C8500C8DE4B /* MenuViewController.swift */ = {isa = PBXFileReference; lastKnownFileType = sourcecode.swift; path = MenuViewController.swift; sourceTree = "<group>"; };
		5EAC255222D229EF008A338E /* IPong.app */ = {isa = PBXFileReference; explicitFileType = wrapper.application; includeInIndex = 0; path = IPong.app; sourceTree = BUILT_PRODUCTS_DIR; };
		5EAC255522D229EF008A338E /* AppDelegate.swift */ = {isa = PBXFileReference; lastKnownFileType = sourcecode.swift; path = AppDelegate.swift; sourceTree = "<group>"; };
		5EAC255722D229EF008A338E /* GameScene.sks */ = {isa = PBXFileReference; lastKnownFileType = file.sks; path = GameScene.sks; sourceTree = "<group>"; };
		5EAC255922D229EF008A338E /* Actions.sks */ = {isa = PBXFileReference; lastKnownFileType = file.sks; path = Actions.sks; sourceTree = "<group>"; };
		5EAC255B22D229EF008A338E /* GameScene.swift */ = {isa = PBXFileReference; lastKnownFileType = sourcecode.swift; path = GameScene.swift; sourceTree = "<group>"; };
		5EAC255D22D229EF008A338E /* GameViewController.swift */ = {isa = PBXFileReference; lastKnownFileType = sourcecode.swift; path = GameViewController.swift; sourceTree = "<group>"; };
		5EAC256222D229F3008A338E /* Assets.xcassets */ = {isa = PBXFileReference; lastKnownFileType = folder.assetcatalog; path = Assets.xcassets; sourceTree = "<group>"; };
		5EAC256522D229F3008A338E /* Base */ = {isa = PBXFileReference; lastKnownFileType = file.storyboard; name = Base; path = Base.lproj/LaunchScreen.storyboard; sourceTree = "<group>"; };
		5EAC256722D229F3008A338E /* Info.plist */ = {isa = PBXFileReference; lastKnownFileType = text.plist.xml; path = Info.plist; sourceTree = "<group>"; };
		5EAC256C22D229F3008A338E /* IPongTests.xctest */ = {isa = PBXFileReference; explicitFileType = wrapper.cfbundle; includeInIndex = 0; path = IPongTests.xctest; sourceTree = BUILT_PRODUCTS_DIR; };
		5EAC257022D229F3008A338E /* IPongTests.swift */ = {isa = PBXFileReference; lastKnownFileType = sourcecode.swift; path = IPongTests.swift; sourceTree = "<group>"; };
		5EAC257222D229F3008A338E /* Info.plist */ = {isa = PBXFileReference; lastKnownFileType = text.plist.xml; path = Info.plist; sourceTree = "<group>"; };
		5EAC257722D229F3008A338E /* IPongUITests.xctest */ = {isa = PBXFileReference; explicitFileType = wrapper.cfbundle; includeInIndex = 0; path = IPongUITests.xctest; sourceTree = BUILT_PRODUCTS_DIR; };
		5EAC257B22D229F3008A338E /* IPongUITests.swift */ = {isa = PBXFileReference; lastKnownFileType = sourcecode.swift; path = IPongUITests.swift; sourceTree = "<group>"; };
		5EAC257D22D229F3008A338E /* Info.plist */ = {isa = PBXFileReference; lastKnownFileType = text.plist.xml; path = Info.plist; sourceTree = "<group>"; };
		C9EE4A5AEFFC0B3F8770EF2E /* Pods-IPongTests.debug.xcconfig */ = {isa = PBXFileReference; includeInIndex = 1; lastKnownFileType = text.xcconfig; name = "Pods-IPongTests.debug.xcconfig"; path = "Target Support Files/Pods-IPongTests/Pods-IPongTests.debug.xcconfig"; sourceTree = "<group>"; };
		CC97E14E1C1585D250F51168 /* Pods-IPong.debug.xcconfig */ = {isa = PBXFileReference; includeInIndex = 1; lastKnownFileType = text.xcconfig; name = "Pods-IPong.debug.xcconfig"; path = "Target Support Files/Pods-IPong/Pods-IPong.debug.xcconfig"; sourceTree = "<group>"; };
		EF612491215D386778A66944 /* Pods-IPong.release.xcconfig */ = {isa = PBXFileReference; includeInIndex = 1; lastKnownFileType = text.xcconfig; name = "Pods-IPong.release.xcconfig"; path = "Target Support Files/Pods-IPong/Pods-IPong.release.xcconfig"; sourceTree = "<group>"; };
		FB3B6357FA2214FE807394C9 /* Pods-IPongUITests.debug.xcconfig */ = {isa = PBXFileReference; includeInIndex = 1; lastKnownFileType = text.xcconfig; name = "Pods-IPongUITests.debug.xcconfig"; path = "Target Support Files/Pods-IPongUITests/Pods-IPongUITests.debug.xcconfig"; sourceTree = "<group>"; };
/* End PBXFileReference section */

/* Begin PBXFrameworksBuildPhase section */
		5EAC254F22D229EF008A338E /* Frameworks */ = {
			isa = PBXFrameworksBuildPhase;
			buildActionMask = 2147483647;
			files = (
				9D2B27E007D3D503A38226E4 /* Pods_IPong.framework in Frameworks */,
			);
			runOnlyForDeploymentPostprocessing = 0;
		};
		5EAC256922D229F3008A338E /* Frameworks */ = {
			isa = PBXFrameworksBuildPhase;
			buildActionMask = 2147483647;
			files = (
				6BFFE99BF40DFA5B0EEC2E37 /* Pods_IPongTests.framework in Frameworks */,
			);
			runOnlyForDeploymentPostprocessing = 0;
		};
		5EAC257422D229F3008A338E /* Frameworks */ = {
			isa = PBXFrameworksBuildPhase;
			buildActionMask = 2147483647;
			files = (
				F7D617A18B8429925743D19E /* Pods_IPongUITests.framework in Frameworks */,
			);
			runOnlyForDeploymentPostprocessing = 0;
		};
/* End PBXFrameworksBuildPhase section */

/* Begin PBXGroup section */
		2EB8DA0560DF5692B35B91D7 /* Frameworks */ = {
			isa = PBXGroup;
			children = (
				222F7C0EFEBE1F9F50F97FFC /* Pods_IPong.framework */,
				075C0F5F3F14FD99B48E76D5 /* Pods_IPongTests.framework */,
				3E0FD4C3EFC567E7826A29C2 /* Pods_IPongUITests.framework */,
			);
			name = Frameworks;
			sourceTree = "<group>";
		};
		5E0EDC7D22D66D9F0053543B /* Images */ = {
			isa = PBXGroup;
			children = (
				35B6DEDC23259469009C42F4 /* mainbackground.png */,
				354B895523284A00006BB396 /* 2p.png */,
				354B895723284A02006BB396 /* harddiff.png */,
				354B895923284A07006BB396 /* mediumdiff.png */,
				354B895B23284A25006BB396 /* eastdiff.png */,
				35B6DEDE23259485009C42F4 /* 70727722_515925395838206_521264723128221696_n.png */,
				35B6DEE82325C8EB009C42F4 /* 69714269_421277355411781_5700375316459945984_n.png */,
				35B6DEE62325C8E3009C42F4 /* 69952970_1202423266610976_2928109123872489472_n.png */,
				35FB93FB2323F60400EC839C /* multiplayer.png */,
				35B6DEE42325C8D2009C42F4 /* 69934549_935012956837382_1664044117732098048_n.png */,
				35B329652323ED3D00139CFD /* back.png */,
			);
			path = Images;
			sourceTree = "<group>";
		};
		5EAC254922D229EF008A338E = {
			isa = PBXGroup;
			children = (
				5EAC255422D229EF008A338E /* IPong */,
				5EAC256F22D229F3008A338E /* IPongTests */,
				5EAC257A22D229F3008A338E /* IPongUITests */,
				5EAC255322D229EF008A338E /* Products */,
				E3C6EB53578E0A2AF14A10F9 /* Pods */,
				2EB8DA0560DF5692B35B91D7 /* Frameworks */,
			);
			sourceTree = "<group>";
		};
		5EAC255322D229EF008A338E /* Products */ = {
			isa = PBXGroup;
			children = (
				5EAC255222D229EF008A338E /* IPong.app */,
				5EAC256C22D229F3008A338E /* IPongTests.xctest */,
				5EAC257722D229F3008A338E /* IPongUITests.xctest */,
			);
			name = Products;
			sourceTree = "<group>";
		};
		5EAC255422D229EF008A338E /* IPong */ = {
			isa = PBXGroup;
			children = (
				5E0EDC7D22D66D9F0053543B /* Images */,
				5EAC255522D229EF008A338E /* AppDelegate.swift */,
				5EAC255722D229EF008A338E /* GameScene.sks */,
				5EAC255922D229EF008A338E /* Actions.sks */,
				5EAC255B22D229EF008A338E /* GameScene.swift */,
				5EAC255D22D229EF008A338E /* GameViewController.swift */,
				5E56D41422D52C8500C8DE4B /* MenuViewController.swift */,
				35B6DEEA2325C9E7009C42F4 /* Main.storyboard */,
				5EAC256222D229F3008A338E /* Assets.xcassets */,
				5EAC256422D229F3008A338E /* LaunchScreen.storyboard */,
				5E56D41222D5241C00C8DE4B /* Rubber Biscuit Bold .TTF */,
				35B6DEE02325A813009C42F4 /* pingpong.json */,
				5EAC256722D229F3008A338E /* Info.plist */,
			);
			path = IPong;
			sourceTree = "<group>";
		};
		5EAC256F22D229F3008A338E /* IPongTests */ = {
			isa = PBXGroup;
			children = (
				5EAC257022D229F3008A338E /* IPongTests.swift */,
				5EAC257222D229F3008A338E /* Info.plist */,
			);
			path = IPongTests;
			sourceTree = "<group>";
		};
		5EAC257A22D229F3008A338E /* IPongUITests */ = {
			isa = PBXGroup;
			children = (
				5EAC257B22D229F3008A338E /* IPongUITests.swift */,
				5EAC257D22D229F3008A338E /* Info.plist */,
			);
			path = IPongUITests;
			sourceTree = "<group>";
		};
		E3C6EB53578E0A2AF14A10F9 /* Pods */ = {
			isa = PBXGroup;
			children = (
				CC97E14E1C1585D250F51168 /* Pods-IPong.debug.xcconfig */,
				EF612491215D386778A66944 /* Pods-IPong.release.xcconfig */,
				C9EE4A5AEFFC0B3F8770EF2E /* Pods-IPongTests.debug.xcconfig */,
				3B1290915CF35160CB39EA96 /* Pods-IPongTests.release.xcconfig */,
				FB3B6357FA2214FE807394C9 /* Pods-IPongUITests.debug.xcconfig */,
				1B2E5F102232965481837725 /* Pods-IPongUITests.release.xcconfig */,
			);
			path = Pods;
			sourceTree = "<group>";
		};
/* End PBXGroup section */

/* Begin PBXNativeTarget section */
		5EAC255122D229EF008A338E /* IPong */ = {
			isa = PBXNativeTarget;
			buildConfigurationList = 5EAC258022D229F3008A338E /* Build configuration list for PBXNativeTarget "IPong" */;
			buildPhases = (
				DF1AC6E99273D22ACB85D3C0 /* [CP] Check Pods Manifest.lock */,
				5EAC254E22D229EF008A338E /* Sources */,
				5EAC254F22D229EF008A338E /* Frameworks */,
				5EAC255022D229EF008A338E /* Resources */,
			);
			buildRules = (
			);
			dependencies = (
			);
			name = IPong;
			productName = IPong;
			productReference = 5EAC255222D229EF008A338E /* IPong.app */;
			productType = "com.apple.product-type.application";
		};
		5EAC256B22D229F3008A338E /* IPongTests */ = {
			isa = PBXNativeTarget;
			buildConfigurationList = 5EAC258322D229F3008A338E /* Build configuration list for PBXNativeTarget "IPongTests" */;
			buildPhases = (
				A60F9A9344070054C5C03AE3 /* [CP] Check Pods Manifest.lock */,
				5EAC256822D229F3008A338E /* Sources */,
				5EAC256922D229F3008A338E /* Frameworks */,
				5EAC256A22D229F3008A338E /* Resources */,
			);
			buildRules = (
			);
			dependencies = (
				5EAC256E22D229F3008A338E /* PBXTargetDependency */,
			);
			name = IPongTests;
			productName = IPongTests;
			productReference = 5EAC256C22D229F3008A338E /* IPongTests.xctest */;
			productType = "com.apple.product-type.bundle.unit-test";
		};
		5EAC257622D229F3008A338E /* IPongUITests */ = {
			isa = PBXNativeTarget;
			buildConfigurationList = 5EAC258622D229F3008A338E /* Build configuration list for PBXNativeTarget "IPongUITests" */;
			buildPhases = (
				465D4D9A7FE7EDA4AC60D6FC /* [CP] Check Pods Manifest.lock */,
				5EAC257322D229F3008A338E /* Sources */,
				5EAC257422D229F3008A338E /* Frameworks */,
				5EAC257522D229F3008A338E /* Resources */,
			);
			buildRules = (
			);
			dependencies = (
				5EAC257922D229F3008A338E /* PBXTargetDependency */,
			);
			name = IPongUITests;
			productName = IPongUITests;
			productReference = 5EAC257722D229F3008A338E /* IPongUITests.xctest */;
			productType = "com.apple.product-type.bundle.ui-testing";
		};
/* End PBXNativeTarget section */

/* Begin PBXProject section */
		5EAC254A22D229EF008A338E /* Project object */ = {
			isa = PBXProject;
			attributes = {
				LastSwiftUpdateCheck = 1020;
				LastUpgradeCheck = 1020;
				ORGANIZATIONNAME = Ash;
				TargetAttributes = {
					5EAC255122D229EF008A338E = {
						CreatedOnToolsVersion = 10.2.1;
					};
					5EAC256B22D229F3008A338E = {
						CreatedOnToolsVersion = 10.2.1;
						TestTargetID = 5EAC255122D229EF008A338E;
					};
					5EAC257622D229F3008A338E = {
						CreatedOnToolsVersion = 10.2.1;
						TestTargetID = 5EAC255122D229EF008A338E;
					};
				};
			};
			buildConfigurationList = 5EAC254D22D229EF008A338E /* Build configuration list for PBXProject "IPong" */;
			compatibilityVersion = "Xcode 9.3";
			developmentRegion = en;
			hasScannedForEncodings = 0;
			knownRegions = (
				en,
				Base,
			);
			mainGroup = 5EAC254922D229EF008A338E;
			productRefGroup = 5EAC255322D229EF008A338E /* Products */;
			projectDirPath = "";
			projectRoot = "";
			targets = (
				5EAC255122D229EF008A338E /* IPong */,
				5EAC256B22D229F3008A338E /* IPongTests */,
				5EAC257622D229F3008A338E /* IPongUITests */,
			);
		};
/* End PBXProject section */

/* Begin PBXResourcesBuildPhase section */
		5EAC255022D229EF008A338E /* Resources */ = {
			isa = PBXResourcesBuildPhase;
			buildActionMask = 2147483647;
			files = (
				35B6DEE92325C8EB009C42F4 /* 69714269_421277355411781_5700375316459945984_n.png in Resources */,
				35B6DEE52325C8D2009C42F4 /* 69934549_935012956837382_1664044117732098048_n.png in Resources */,
				35B6DEE12325A814009C42F4 /* pingpong.json in Resources */,
				5E56D41322D5241D00C8DE4B /* Rubber Biscuit Bold .TTF in Resources */,
				35B329662323ED3D00139CFD /* back.png in Resources */,
				354B895623284A00006BB396 /* 2p.png in Resources */,
				35B6DEDF23259485009C42F4 /* 70727722_515925395838206_521264723128221696_n.png in Resources */,
				354B895C23284A25006BB396 /* eastdiff.png in Resources */,
				35B6DEDD23259469009C42F4 /* mainbackground.png in Resources */,
				35B6DEEC2325C9E7009C42F4 /* Main.storyboard in Resources */,
				5EAC255822D229EF008A338E /* GameScene.sks in Resources */,
				35FB93FF2323F60400EC839C /* multiplayer.png in Resources */,
				354B895823284A02006BB396 /* harddiff.png in Resources */,
				5EAC256322D229F3008A338E /* Assets.xcassets in Resources */,
				35B6DEE72325C8E3009C42F4 /* 69952970_1202423266610976_2928109123872489472_n.png in Resources */,
				354B895A23284A07006BB396 /* mediumdiff.png in Resources */,
				5EAC256622D229F3008A338E /* LaunchScreen.storyboard in Resources */,
				5EAC255A22D229EF008A338E /* Actions.sks in Resources */,
			);
			runOnlyForDeploymentPostprocessing = 0;
		};
		5EAC256A22D229F3008A338E /* Resources */ = {
			isa = PBXResourcesBuildPhase;
			buildActionMask = 2147483647;
			files = (
			);
			runOnlyForDeploymentPostprocessing = 0;
		};
		5EAC257522D229F3008A338E /* Resources */ = {
			isa = PBXResourcesBuildPhase;
			buildActionMask = 2147483647;
			files = (
			);
			runOnlyForDeploymentPostprocessing = 0;
		};
/* End PBXResourcesBuildPhase section */

/* Begin PBXShellScriptBuildPhase section */
		465D4D9A7FE7EDA4AC60D6FC /* [CP] Check Pods Manifest.lock */ = {
			isa = PBXShellScriptBuildPhase;
			buildActionMask = 2147483647;
			files = (
			);
			inputFileListPaths = (
			);
			inputPaths = (
				"${PODS_PODFILE_DIR_PATH}/Podfile.lock",
				"${PODS_ROOT}/Manifest.lock",
			);
			name = "[CP] Check Pods Manifest.lock";
			outputFileListPaths = (
			);
			outputPaths = (
				"$(DERIVED_FILE_DIR)/Pods-IPongUITests-checkManifestLockResult.txt",
			);
			runOnlyForDeploymentPostprocessing = 0;
			shellPath = /bin/sh;
			shellScript = "diff \"${PODS_PODFILE_DIR_PATH}/Podfile.lock\" \"${PODS_ROOT}/Manifest.lock\" > /dev/null\nif [ $? != 0 ] ; then\n    # print error to STDERR\n    echo \"error: The sandbox is not in sync with the Podfile.lock. Run 'pod install' or update your CocoaPods installation.\" >&2\n    exit 1\nfi\n# This output is used by Xcode 'outputs' to avoid re-running this script phase.\necho \"SUCCESS\" > \"${SCRIPT_OUTPUT_FILE_0}\"\n";
			showEnvVarsInLog = 0;
		};
		A60F9A9344070054C5C03AE3 /* [CP] Check Pods Manifest.lock */ = {
			isa = PBXShellScriptBuildPhase;
			buildActionMask = 2147483647;
			files = (
			);
			inputFileListPaths = (
			);
			inputPaths = (
				"${PODS_PODFILE_DIR_PATH}/Podfile.lock",
				"${PODS_ROOT}/Manifest.lock",
			);
			name = "[CP] Check Pods Manifest.lock";
			outputFileListPaths = (
			);
			outputPaths = (
				"$(DERIVED_FILE_DIR)/Pods-IPongTests-checkManifestLockResult.txt",
			);
			runOnlyForDeploymentPostprocessing = 0;
			shellPath = /bin/sh;
			shellScript = "diff \"${PODS_PODFILE_DIR_PATH}/Podfile.lock\" \"${PODS_ROOT}/Manifest.lock\" > /dev/null\nif [ $? != 0 ] ; then\n    # print error to STDERR\n    echo \"error: The sandbox is not in sync with the Podfile.lock. Run 'pod install' or update your CocoaPods installation.\" >&2\n    exit 1\nfi\n# This output is used by Xcode 'outputs' to avoid re-running this script phase.\necho \"SUCCESS\" > \"${SCRIPT_OUTPUT_FILE_0}\"\n";
			showEnvVarsInLog = 0;
		};
		DF1AC6E99273D22ACB85D3C0 /* [CP] Check Pods Manifest.lock */ = {
			isa = PBXShellScriptBuildPhase;
			buildActionMask = 2147483647;
			files = (
			);
			inputFileListPaths = (
			);
			inputPaths = (
				"${PODS_PODFILE_DIR_PATH}/Podfile.lock",
				"${PODS_ROOT}/Manifest.lock",
			);
			name = "[CP] Check Pods Manifest.lock";
			outputFileListPaths = (
			);
			outputPaths = (
				"$(DERIVED_FILE_DIR)/Pods-IPong-checkManifestLockResult.txt",
			);
			runOnlyForDeploymentPostprocessing = 0;
			shellPath = /bin/sh;
			shellScript = "diff \"${PODS_PODFILE_DIR_PATH}/Podfile.lock\" \"${PODS_ROOT}/Manifest.lock\" > /dev/null\nif [ $? != 0 ] ; then\n    # print error to STDERR\n    echo \"error: The sandbox is not in sync with the Podfile.lock. Run 'pod install' or update your CocoaPods installation.\" >&2\n    exit 1\nfi\n# This output is used by Xcode 'outputs' to avoid re-running this script phase.\necho \"SUCCESS\" > \"${SCRIPT_OUTPUT_FILE_0}\"\n";
			showEnvVarsInLog = 0;
		};
/* End PBXShellScriptBuildPhase section */

/* Begin PBXSourcesBuildPhase section */
		5EAC254E22D229EF008A338E /* Sources */ = {
			isa = PBXSourcesBuildPhase;
			buildActionMask = 2147483647;
			files = (
				5EAC255C22D229EF008A338E /* GameScene.swift in Sources */,
				5EAC255E22D229EF008A338E /* GameViewController.swift in Sources */,
				5EAC255622D229EF008A338E /* AppDelegate.swift in Sources */,
				5E56D41522D52C8500C8DE4B /* MenuViewController.swift in Sources */,
			);
			runOnlyForDeploymentPostprocessing = 0;
		};
		5EAC256822D229F3008A338E /* Sources */ = {
			isa = PBXSourcesBuildPhase;
			buildActionMask = 2147483647;
			files = (
				5EAC257122D229F3008A338E /* IPongTests.swift in Sources */,
			);
			runOnlyForDeploymentPostprocessing = 0;
		};
		5EAC257322D229F3008A338E /* Sources */ = {
			isa = PBXSourcesBuildPhase;
			buildActionMask = 2147483647;
			files = (
				5EAC257C22D229F3008A338E /* IPongUITests.swift in Sources */,
			);
			runOnlyForDeploymentPostprocessing = 0;
		};
/* End PBXSourcesBuildPhase section */

/* Begin PBXTargetDependency section */
		5EAC256E22D229F3008A338E /* PBXTargetDependency */ = {
			isa = PBXTargetDependency;
			target = 5EAC255122D229EF008A338E /* IPong */;
			targetProxy = 5EAC256D22D229F3008A338E /* PBXContainerItemProxy */;
		};
		5EAC257922D229F3008A338E /* PBXTargetDependency */ = {
			isa = PBXTargetDependency;
			target = 5EAC255122D229EF008A338E /* IPong */;
			targetProxy = 5EAC257822D229F3008A338E /* PBXContainerItemProxy */;
		};
/* End PBXTargetDependency section */

/* Begin PBXVariantGroup section */
		35B6DEEA2325C9E7009C42F4 /* Main.storyboard */ = {
			isa = PBXVariantGroup;
			children = (
				35B6DEEB2325C9E7009C42F4 /* Base */,
			);
			name = Main.storyboard;
			sourceTree = "<group>";
		};
		5EAC256422D229F3008A338E /* LaunchScreen.storyboard */ = {
			isa = PBXVariantGroup;
			children = (
				5EAC256522D229F3008A338E /* Base */,
			);
			name = LaunchScreen.storyboard;
			sourceTree = "<group>";
		};
/* End PBXVariantGroup section */

/* Begin XCBuildConfiguration section */
		5EAC257E22D229F3008A338E /* Debug */ = {
			isa = XCBuildConfiguration;
			buildSettings = {
				ALWAYS_SEARCH_USER_PATHS = NO;
				CLANG_ANALYZER_NONNULL = YES;
				CLANG_ANALYZER_NUMBER_OBJECT_CONVERSION = YES_AGGRESSIVE;
				CLANG_CXX_LANGUAGE_STANDARD = "gnu++14";
				CLANG_CXX_LIBRARY = "libc++";
				CLANG_ENABLE_MODULES = YES;
				CLANG_ENABLE_OBJC_ARC = YES;
				CLANG_ENABLE_OBJC_WEAK = YES;
				CLANG_WARN_BLOCK_CAPTURE_AUTORELEASING = YES;
				CLANG_WARN_BOOL_CONVERSION = YES;
				CLANG_WARN_COMMA = YES;
				CLANG_WARN_CONSTANT_CONVERSION = YES;
				CLANG_WARN_DEPRECATED_OBJC_IMPLEMENTATIONS = YES;
				CLANG_WARN_DIRECT_OBJC_ISA_USAGE = YES_ERROR;
				CLANG_WARN_DOCUMENTATION_COMMENTS = YES;
				CLANG_WARN_EMPTY_BODY = YES;
				CLANG_WARN_ENUM_CONVERSION = YES;
				CLANG_WARN_INFINITE_RECURSION = YES;
				CLANG_WARN_INT_CONVERSION = YES;
				CLANG_WARN_NON_LITERAL_NULL_CONVERSION = YES;
				CLANG_WARN_OBJC_IMPLICIT_RETAIN_SELF = YES;
				CLANG_WARN_OBJC_LITERAL_CONVERSION = YES;
				CLANG_WARN_OBJC_ROOT_CLASS = YES_ERROR;
				CLANG_WARN_RANGE_LOOP_ANALYSIS = YES;
				CLANG_WARN_STRICT_PROTOTYPES = YES;
				CLANG_WARN_SUSPICIOUS_MOVE = YES;
				CLANG_WARN_UNGUARDED_AVAILABILITY = YES_AGGRESSIVE;
				CLANG_WARN_UNREACHABLE_CODE = YES;
				CLANG_WARN__DUPLICATE_METHOD_MATCH = YES;
				CODE_SIGN_IDENTITY = "iPhone Developer";
				COPY_PHASE_STRIP = NO;
				DEBUG_INFORMATION_FORMAT = dwarf;
				ENABLE_STRICT_OBJC_MSGSEND = YES;
				ENABLE_TESTABILITY = YES;
				GCC_C_LANGUAGE_STANDARD = gnu11;
				GCC_DYNAMIC_NO_PIC = NO;
				GCC_NO_COMMON_BLOCKS = YES;
				GCC_OPTIMIZATION_LEVEL = 0;
				GCC_PREPROCESSOR_DEFINITIONS = (
					"DEBUG=1",
					"$(inherited)",
				);
				GCC_WARN_64_TO_32_BIT_CONVERSION = YES;
				GCC_WARN_ABOUT_RETURN_TYPE = YES_ERROR;
				GCC_WARN_UNDECLARED_SELECTOR = YES;
				GCC_WARN_UNINITIALIZED_AUTOS = YES_AGGRESSIVE;
				GCC_WARN_UNUSED_FUNCTION = YES;
				GCC_WARN_UNUSED_VARIABLE = YES;
				IPHONEOS_DEPLOYMENT_TARGET = 12.2;
				MTL_ENABLE_DEBUG_INFO = INCLUDE_SOURCE;
				MTL_FAST_MATH = YES;
				ONLY_ACTIVE_ARCH = YES;
				SDKROOT = iphoneos;
				SWIFT_ACTIVE_COMPILATION_CONDITIONS = DEBUG;
				SWIFT_OPTIMIZATION_LEVEL = "-Onone";
			};
			name = Debug;
		};
		5EAC257F22D229F3008A338E /* Release */ = {
			isa = XCBuildConfiguration;
			buildSettings = {
				ALWAYS_SEARCH_USER_PATHS = NO;
				CLANG_ANALYZER_NONNULL = YES;
				CLANG_ANALYZER_NUMBER_OBJECT_CONVERSION = YES_AGGRESSIVE;
				CLANG_CXX_LANGUAGE_STANDARD = "gnu++14";
				CLANG_CXX_LIBRARY = "libc++";
				CLANG_ENABLE_MODULES = YES;
				CLANG_ENABLE_OBJC_ARC = YES;
				CLANG_ENABLE_OBJC_WEAK = YES;
				CLANG_WARN_BLOCK_CAPTURE_AUTORELEASING = YES;
				CLANG_WARN_BOOL_CONVERSION = YES;
				CLANG_WARN_COMMA = YES;
				CLANG_WARN_CONSTANT_CONVERSION = YES;
				CLANG_WARN_DEPRECATED_OBJC_IMPLEMENTATIONS = YES;
				CLANG_WARN_DIRECT_OBJC_ISA_USAGE = YES_ERROR;
				CLANG_WARN_DOCUMENTATION_COMMENTS = YES;
				CLANG_WARN_EMPTY_BODY = YES;
				CLANG_WARN_ENUM_CONVERSION = YES;
				CLANG_WARN_INFINITE_RECURSION = YES;
				CLANG_WARN_INT_CONVERSION = YES;
				CLANG_WARN_NON_LITERAL_NULL_CONVERSION = YES;
				CLANG_WARN_OBJC_IMPLICIT_RETAIN_SELF = YES;
				CLANG_WARN_OBJC_LITERAL_CONVERSION = YES;
				CLANG_WARN_OBJC_ROOT_CLASS = YES_ERROR;
				CLANG_WARN_RANGE_LOOP_ANALYSIS = YES;
				CLANG_WARN_STRICT_PROTOTYPES = YES;
				CLANG_WARN_SUSPICIOUS_MOVE = YES;
				CLANG_WARN_UNGUARDED_AVAILABILITY = YES_AGGRESSIVE;
				CLANG_WARN_UNREACHABLE_CODE = YES;
				CLANG_WARN__DUPLICATE_METHOD_MATCH = YES;
				CODE_SIGN_IDENTITY = "iPhone Developer";
				COPY_PHASE_STRIP = NO;
				DEBUG_INFORMATION_FORMAT = "dwarf-with-dsym";
				ENABLE_NS_ASSERTIONS = NO;
				ENABLE_STRICT_OBJC_MSGSEND = YES;
				GCC_C_LANGUAGE_STANDARD = gnu11;
				GCC_NO_COMMON_BLOCKS = YES;
				GCC_WARN_64_TO_32_BIT_CONVERSION = YES;
				GCC_WARN_ABOUT_RETURN_TYPE = YES_ERROR;
				GCC_WARN_UNDECLARED_SELECTOR = YES;
				GCC_WARN_UNINITIALIZED_AUTOS = YES_AGGRESSIVE;
				GCC_WARN_UNUSED_FUNCTION = YES;
				GCC_WARN_UNUSED_VARIABLE = YES;
				IPHONEOS_DEPLOYMENT_TARGET = 12.2;
				MTL_ENABLE_DEBUG_INFO = NO;
				MTL_FAST_MATH = YES;
				SDKROOT = iphoneos;
				SWIFT_COMPILATION_MODE = wholemodule;
				SWIFT_OPTIMIZATION_LEVEL = "-O";
				VALIDATE_PRODUCT = YES;
			};
			name = Release;
		};
		5EAC258122D229F3008A338E /* Debug */ = {
			isa = XCBuildConfiguration;
			baseConfigurationReference = CC97E14E1C1585D250F51168 /* Pods-IPong.debug.xcconfig */;
			buildSettings = {
				ASSETCATALOG_COMPILER_APPICON_NAME = AppIcon;
				CODE_SIGN_STYLE = Automatic;
				DEVELOPMENT_TEAM = 8QUSJD2C3Y;
				INFOPLIST_FILE = IPong/Info.plist;
				LD_RUNPATH_SEARCH_PATHS = (
					"$(inherited)",
					"@executable_path/Frameworks",
				);
				PRODUCT_BUNDLE_IDENTIFIER = com.ashleylhudson.IPong;
				PRODUCT_NAME = "$(TARGET_NAME)";
				SWIFT_VERSION = 5.0;
				TARGETED_DEVICE_FAMILY = "1,2";
			};
			name = Debug;
		};
		5EAC258222D229F3008A338E /* Release */ = {
			isa = XCBuildConfiguration;
			baseConfigurationReference = EF612491215D386778A66944 /* Pods-IPong.release.xcconfig */;
			buildSettings = {
				ASSETCATALOG_COMPILER_APPICON_NAME = AppIcon;
				CODE_SIGN_STYLE = Automatic;
				DEVELOPMENT_TEAM = 8QUSJD2C3Y;
				INFOPLIST_FILE = IPong/Info.plist;
				LD_RUNPATH_SEARCH_PATHS = (
					"$(inherited)",
					"@executable_path/Frameworks",
				);
				PRODUCT_BUNDLE_IDENTIFIER = com.ashleylhudson.IPong;
				PRODUCT_NAME = "$(TARGET_NAME)";
				SWIFT_VERSION = 5.0;
				TARGETED_DEVICE_FAMILY = "1,2";
			};
			name = Release;
		};
		5EAC258422D229F3008A338E /* Debug */ = {
			isa = XCBuildConfiguration;
			baseConfigurationReference = C9EE4A5AEFFC0B3F8770EF2E /* Pods-IPongTests.debug.xcconfig */;
			buildSettings = {
				ALWAYS_EMBED_SWIFT_STANDARD_LIBRARIES = YES;
				BUNDLE_LOADER = "$(TEST_HOST)";
				CODE_SIGN_STYLE = Automatic;
				DEVELOPMENT_TEAM = 8QUSJD2C3Y;
				INFOPLIST_FILE = IPongTests/Info.plist;
				LD_RUNPATH_SEARCH_PATHS = (
					"$(inherited)",
					"@executable_path/Frameworks",
					"@loader_path/Frameworks",
				);
				PRODUCT_BUNDLE_IDENTIFIER = com.ashleylhudson.IPongTests;
				PRODUCT_NAME = "$(TARGET_NAME)";
				SWIFT_VERSION = 5.0;
				TARGETED_DEVICE_FAMILY = "1,2";
				TEST_HOST = "$(BUILT_PRODUCTS_DIR)/IPong.app/IPong";
			};
			name = Debug;
		};
		5EAC258522D229F3008A338E /* Release */ = {
			isa = XCBuildConfiguration;
			baseConfigurationReference = 3B1290915CF35160CB39EA96 /* Pods-IPongTests.release.xcconfig */;
			buildSettings = {
				ALWAYS_EMBED_SWIFT_STANDARD_LIBRARIES = YES;
				BUNDLE_LOADER = "$(TEST_HOST)";
				CODE_SIGN_STYLE = Automatic;
				DEVELOPMENT_TEAM = 8QUSJD2C3Y;
				INFOPLIST_FILE = IPongTests/Info.plist;
				LD_RUNPATH_SEARCH_PATHS = (
					"$(inherited)",
					"@executable_path/Frameworks",
					"@loader_path/Frameworks",
				);
				PRODUCT_BUNDLE_IDENTIFIER = com.ashleylhudson.IPongTests;
				PRODUCT_NAME = "$(TARGET_NAME)";
				SWIFT_VERSION = 5.0;
				TARGETED_DEVICE_FAMILY = "1,2";
				TEST_HOST = "$(BUILT_PRODUCTS_DIR)/IPong.app/IPong";
			};
			name = Release;
		};
		5EAC258722D229F3008A338E /* Debug */ = {
			isa = XCBuildConfiguration;
			baseConfigurationReference = FB3B6357FA2214FE807394C9 /* Pods-IPongUITests.debug.xcconfig */;
			buildSettings = {
				ALWAYS_EMBED_SWIFT_STANDARD_LIBRARIES = YES;
				CODE_SIGN_STYLE = Automatic;
				DEVELOPMENT_TEAM = 8QUSJD2C3Y;
				INFOPLIST_FILE = IPongUITests/Info.plist;
				LD_RUNPATH_SEARCH_PATHS = (
					"$(inherited)",
					"@executable_path/Frameworks",
					"@loader_path/Frameworks",
				);
				PRODUCT_BUNDLE_IDENTIFIER = com.ashleylhudson.IPongUITests;
				PRODUCT_NAME = "$(TARGET_NAME)";
				SWIFT_VERSION = 5.0;
				TARGETED_DEVICE_FAMILY = "1,2";
				TEST_TARGET_NAME = IPong;
			};
			name = Debug;
		};
		5EAC258822D229F3008A338E /* Release */ = {
			isa = XCBuildConfiguration;
			baseConfigurationReference = 1B2E5F102232965481837725 /* Pods-IPongUITests.release.xcconfig */;
			buildSettings = {
				ALWAYS_EMBED_SWIFT_STANDARD_LIBRARIES = YES;
				CODE_SIGN_STYLE = Automatic;
				DEVELOPMENT_TEAM = 8QUSJD2C3Y;
				INFOPLIST_FILE = IPongUITests/Info.plist;
				LD_RUNPATH_SEARCH_PATHS = (
					"$(inherited)",
					"@executable_path/Frameworks",
					"@loader_path/Frameworks",
				);
				PRODUCT_BUNDLE_IDENTIFIER = com.ashleylhudson.IPongUITests;
				PRODUCT_NAME = "$(TARGET_NAME)";
				SWIFT_VERSION = 5.0;
				TARGETED_DEVICE_FAMILY = "1,2";
				TEST_TARGET_NAME = IPong;
			};
			name = Release;
		};
/* End XCBuildConfiguration section */

/* Begin XCConfigurationList section */
		5EAC254D22D229EF008A338E /* Build configuration list for PBXProject "IPong" */ = {
			isa = XCConfigurationList;
			buildConfigurations = (
				5EAC257E22D229F3008A338E /* Debug */,
				5EAC257F22D229F3008A338E /* Release */,
			);
			defaultConfigurationIsVisible = 0;
			defaultConfigurationName = Release;
		};
		5EAC258022D229F3008A338E /* Build configuration list for PBXNativeTarget "IPong" */ = {
			isa = XCConfigurationList;
			buildConfigurations = (
				5EAC258122D229F3008A338E /* Debug */,
				5EAC258222D229F3008A338E /* Release */,
			);
			defaultConfigurationIsVisible = 0;
			defaultConfigurationName = Release;
		};
		5EAC258322D229F3008A338E /* Build configuration list for PBXNativeTarget "IPongTests" */ = {
			isa = XCConfigurationList;
			buildConfigurations = (
				5EAC258422D229F3008A338E /* Debug */,
				5EAC258522D229F3008A338E /* Release */,
			);
			defaultConfigurationIsVisible = 0;
			defaultConfigurationName = Release;
		};
		5EAC258622D229F3008A338E /* Build configuration list for PBXNativeTarget "IPongUITests" */ = {
			isa = XCConfigurationList;
			buildConfigurations = (
				5EAC258722D229F3008A338E /* Debug */,
				5EAC258822D229F3008A338E /* Release */,
			);
			defaultConfigurationIsVisible = 0;
			defaultConfigurationName = Release;
		};
/* End XCConfigurationList section */
	};
	rootObject = 5EAC254A22D229EF008A338E /* Project object */;
}
